
Microsoft Visual Studio Solution File, Format Version 12.00
# Visual Studio Version 17
VisualStudioVersion = 17.8.34511.84
MinimumVisualStudioVersion = 10.0.40219.1
Project("{9A19103F-16F7-4668-BE54-9A1E7A4F7556}") = "Hostel-Management-System", "Hostel-Management-System\Hostel-Management-System.csproj", "{AB375104-046C-4404-8F61-A1B75D1C30F2}"
EndProject
Global
	GlobalSection(SolutionConfigurationPlatforms) = preSolution
		Debug|Any CPU = Debug|Any CPU
		Release|Any CPU = Release|Any CPU
	EndGlobalSection
	GlobalSection(ProjectConfigurationPlatforms) = postSolution
		{AB375104-046C-4404-8F61-A1B75D1C30F2}.Debug|Any CPU.ActiveCfg = Debug|Any CPU
		{AB375104-046C-4404-8F61-A1B75D1C30F2}.Debug|Any CPU.Build.0 = Debug|Any CPU
		{AB375104-046C-4404-8F61-A1B75D1C30F2}.Release|Any CPU.ActiveCfg = Release|Any CPU
		{AB375104-046C-4404-8F61-A1B75D1C30F2}.Release|Any CPU.Build.0 = Release|Any CPU
	EndGlobalSection
	GlobalSection(SolutionProperties) = preSolution
		HideSolutionNode = FALSE
	EndGlobalSection
	GlobalSection(ExtensibilityGlobals) = postSolution
		SolutionGuid = {D4FDB77D-3944-4074-B4B9-D2A992A6BFA0}
	EndGlobalSection
EndGlobal
